
Microsoft Visual Studio Solution File, Format Version 12.00
# Visual Studio Version 17
VisualStudioVersion = 17.9.34607.119
MinimumVisualStudioVersion = 10.0.40219.1
Project("{9A19103F-16F7-4668-BE54-9A1E7A4F7556}") = "ToDoList", "ToDoList\ToDoList.csproj", "{8749F870-61BB-4C11-8039-1EC0871C2493}"
EndProject
Project("{9A19103F-16F7-4668-BE54-9A1E7A4F7556}") = "Calculator", "Calculator\Calculator.csproj", "{105F7C21-BEC2-4D2C-80CD-C055346054C5}"
EndProject
Project("{9A19103F-16F7-4668-BE54-9A1E7A4F7556}") = "GradeEquivalentor", "GradeEquivalentor\GradeEquivalentor.csproj", "{C68FB2DF-7083-48BE-9AB4-B2B768945C8B}"
EndProject
Project("{9A19103F-16F7-4668-BE54-9A1E7A4F7556}") = "TestingProject", "TestingProject\TestingProject.csproj", "{98123B49-5659-40CE-8A9B-D2F570E663D2}"
EndProject
Project("{9A19103F-16F7-4668-BE54-9A1E7A4F7556}") = "CookieCookbook", "CookieCookbook\CookieCookbook.csproj", "{5E0FA449-8B98-4FA0-963D-6B642F1DD88A}"
EndProject
Project("{9A19103F-16F7-4668-BE54-9A1E7A4F7556}") = "ErrorHandling", "ErrorHandling\ErrorHandling.csproj", "{1593B018-B457-41AF-A88E-9D6C8D3E621A}"
EndProject
Project("{9A19103F-16F7-4668-BE54-9A1E7A4F7556}") = "Demo", "Demo\Demo.csproj", "{ECC7A8BD-7674-4775-B657-021DDC471EDE}"
EndProject
Project("{FAE04EC0-301F-11D3-BF4B-00C04F79EFBC}") = "FizzBuzzProblem", "FizzBuzzProblem\FizzBuzzProblem.csproj", "{2C4A7015-D151-4972-BBD2-E141F9757E72}"
EndProject
Global
	GlobalSection(SolutionConfigurationPlatforms) = preSolution
		Debug|Any CPU = Debug|Any CPU
		Release|Any CPU = Release|Any CPU
	EndGlobalSection
	GlobalSection(ProjectConfigurationPlatforms) = postSolution
		{8749F870-61BB-4C11-8039-1EC0871C2493}.Debug|Any CPU.ActiveCfg = Debug|Any CPU
		{8749F870-61BB-4C11-8039-1EC0871C2493}.Debug|Any CPU.Build.0 = Debug|Any CPU
		{8749F870-61BB-4C11-8039-1EC0871C2493}.Release|Any CPU.ActiveCfg = Release|Any CPU
		{8749F870-61BB-4C11-8039-1EC0871C2493}.Release|Any CPU.Build.0 = Release|Any CPU
		{105F7C21-BEC2-4D2C-80CD-C055346054C5}.Debug|Any CPU.ActiveCfg = Debug|Any CPU
		{105F7C21-BEC2-4D2C-80CD-C055346054C5}.Debug|Any CPU.Build.0 = Debug|Any CPU
		{105F7C21-BEC2-4D2C-80CD-C055346054C5}.Release|Any CPU.ActiveCfg = Release|Any CPU
		{105F7C21-BEC2-4D2C-80CD-C055346054C5}.Release|Any CPU.Build.0 = Release|Any CPU
		{C68FB2DF-7083-48BE-9AB4-B2B768945C8B}.Debug|Any CPU.ActiveCfg = Debug|Any CPU
		{C68FB2DF-7083-48BE-9AB4-B2B768945C8B}.Debug|Any CPU.Build.0 = Debug|Any CPU
		{C68FB2DF-7083-48BE-9AB4-B2B768945C8B}.Release|Any CPU.ActiveCfg = Release|Any CPU
		{C68FB2DF-7083-48BE-9AB4-B2B768945C8B}.Release|Any CPU.Build.0 = Release|Any CPU
		{98123B49-5659-40CE-8A9B-D2F570E663D2}.Debug|Any CPU.ActiveCfg = Debug|Any CPU
		{98123B49-5659-40CE-8A9B-D2F570E663D2}.Debug|Any CPU.Build.0 = Debug|Any CPU
		{98123B49-5659-40CE-8A9B-D2F570E663D2}.Release|Any CPU.ActiveCfg = Release|Any CPU
		{98123B49-5659-40CE-8A9B-D2F570E663D2}.Release|Any CPU.Build.0 = Release|Any CPU
		{5E0FA449-8B98-4FA0-963D-6B642F1DD88A}.Debug|Any CPU.ActiveCfg = Debug|Any CPU
		{5E0FA449-8B98-4FA0-963D-6B642F1DD88A}.Debug|Any CPU.Build.0 = Debug|Any CPU
		{5E0FA449-8B98-4FA0-963D-6B642F1DD88A}.Release|Any CPU.ActiveCfg = Release|Any CPU
		{5E0FA449-8B98-4FA0-963D-6B642F1DD88A}.Release|Any CPU.Build.0 = Release|Any CPU
		{1593B018-B457-41AF-A88E-9D6C8D3E621A}.Debug|Any CPU.ActiveCfg = Debug|Any CPU
		{1593B018-B457-41AF-A88E-9D6C8D3E621A}.Debug|Any CPU.Build.0 = Debug|Any CPU
		{1593B018-B457-41AF-A88E-9D6C8D3E621A}.Release|Any CPU.ActiveCfg = Release|Any CPU
		{1593B018-B457-41AF-A88E-9D6C8D3E621A}.Release|Any CPU.Build.0 = Release|Any CPU
		{ECC7A8BD-7674-4775-B657-021DDC471EDE}.Debug|Any CPU.ActiveCfg = Debug|Any CPU
		{ECC7A8BD-7674-4775-B657-021DDC471EDE}.Debug|Any CPU.Build.0 = Debug|Any CPU
		{ECC7A8BD-7674-4775-B657-021DDC471EDE}.Release|Any CPU.ActiveCfg = Release|Any CPU
		{ECC7A8BD-7674-4775-B657-021DDC471EDE}.Release|Any CPU.Build.0 = Release|Any CPU
		{2C4A7015-D151-4972-BBD2-E141F9757E72}.Debug|Any CPU.ActiveCfg = Debug|Any CPU
		{2C4A7015-D151-4972-BBD2-E141F9757E72}.Debug|Any CPU.Build.0 = Debug|Any CPU
		{2C4A7015-D151-4972-BBD2-E141F9757E72}.Release|Any CPU.ActiveCfg = Release|Any CPU
		{2C4A7015-D151-4972-BBD2-E141F9757E72}.Release|Any CPU.Build.0 = Release|Any CPU
	EndGlobalSection
	GlobalSection(SolutionProperties) = preSolution
		HideSolutionNode = FALSE
	EndGlobalSection
	GlobalSection(ExtensibilityGlobals) = postSolution
		SolutionGuid = {5FADFCC1-97A9-4E6C-944F-5CC90102F9A5}
	EndGlobalSection
EndGlobal
